PODS:
  - ObjectivePGP (0.10.0-beta3)

DEPENDENCIES:
  - ObjectivePGP (from `https://github.com/krzyzanowskim/ObjectivePGP.git`, branch `master`)

EXTERNAL SOURCES:
  ObjectivePGP:
    :branch: master
    :git: https://github.com/krzyzanowskim/ObjectivePGP.git

CHECKOUT OPTIONS:
  ObjectivePGP:
    :commit: c1c0358a16904f3566226418ec6542e99c01c228
    :git: https://github.com/krzyzanowskim/ObjectivePGP.git

SPEC CHECKSUMS:
  ObjectivePGP: 3938e116d295ee461528db31bbf595356e57abf5

PODFILE CHECKSUM: bc5062306ce089a3661ddd57fab4b179be15489c

COCOAPODS: 1.4.0
