// !$*UTF8*$!
{
	archiveVersion = 1;
	classes = {
	};
	objectVersion = 48;
	objects = {

/* Begin PBXBuildFile section */
		8D2F66372023F40900EB20ED /* opgptestTestsObjc.m in Sources */ = {isa = PBXBuildFile; fileRef = 8D2F66362023F40900EB20ED /* opgptestTestsObjc.m */; };
		8D46AC7D2023A27100C33A0B /* AppDelegate.swift in Sources */ = {isa = PBXBuildFile; fileRef = 8D46AC7C2023A27100C33A0B /* AppDelegate.swift */; };
		8D46AC7F2023A27100C33A0B /* ViewController.swift in Sources */ = {isa = PBXBuildFile; fileRef = 8D46AC7E2023A27100C33A0B /* ViewController.swift */; };
		8D46AC822023A27100C33A0B /* Main.storyboard in Resources */ = {isa = PBXBuildFile; fileRef = 8D46AC802023A27100C33A0B /* Main.storyboard */; };
		8D46AC842023A27100C33A0B /* Assets.xcassets in Resources */ = {isa = PBXBuildFile; fileRef = 8D46AC832023A27100C33A0B /* Assets.xcassets */; };
		8D46AC872023A27100C33A0B /* LaunchScreen.storyboard in Resources */ = {isa = PBXBuildFile; fileRef = 8D46AC852023A27100C33A0B /* LaunchScreen.storyboard */; };
		8D46AC922023A27100C33A0B /* opgptestTests.swift in Sources */ = {isa = PBXBuildFile; fileRef = 8D46AC912023A27100C33A0B /* opgptestTests.swift */; };
		8DBA41B62023A50A00528A50 /* TestHelpers.swift in Sources */ = {isa = PBXBuildFile; fileRef = 8DBA41B52023A50A00528A50 /* TestHelpers.swift */; };
		8DBA41B82023A75D00528A50 /* LargeFile.pdf in Resources */ = {isa = PBXBuildFile; fileRef = 8DBA41B72023A75D00528A50 /* LargeFile.pdf */; };
		944755E76026684E7AC7006C /* Pods_opgptest.framework in Frameworks */ = {isa = PBXBuildFile; fileRef = DC05245CC14F9CE733CC4EDD /* Pods_opgptest.framework */; };
		D3D2B169396EA41EE078C83E /* Pods_opgptestTests.framework in Frameworks */ = {isa = PBXBuildFile; fileRef = 3C13DC694B4BC71ADFB50037 /* Pods_opgptestTests.framework */; };
/* End PBXBuildFile section */

/* Begin PBXContainerItemProxy section */
		8D46AC8E2023A27100C33A0B /* PBXContainerItemProxy */ = {
			isa = PBXContainerItemProxy;
			containerPortal = 8D46AC712023A27100C33A0B /* Project object */;
			proxyType = 1;
			remoteGlobalIDString = 8D46AC782023A27100C33A0B;
			remoteInfo = opgptest;
		};
/* End PBXContainerItemProxy section */

/* Begin PBXFileReference section */
		3C13DC694B4BC71ADFB50037 /* Pods_opgptestTests.framework */ = {isa = PBXFileReference; explicitFileType = wrapper.framework; includeInIndex = 0; path = Pods_opgptestTests.framework; sourceTree = BUILT_PRODUCTS_DIR; };
		6017863E873E9FB81D6B52C8 /* Pods-opgptestTests.debug.xcconfig */ = {isa = PBXFileReference; includeInIndex = 1; lastKnownFileType = text.xcconfig; name = "Pods-opgptestTests.debug.xcconfig"; path = "Pods/Target Support Files/Pods-opgptestTests/Pods-opgptestTests.debug.xcconfig"; sourceTree = "<group>"; };
		6C5B5A08EE121D8F55CB7C86 /* Pods-opgptest.debug.xcconfig */ = {isa = PBXFileReference; includeInIndex = 1; lastKnownFileType = text.xcconfig; name = "Pods-opgptest.debug.xcconfig"; path = "Pods/Target Support Files/Pods-opgptest/Pods-opgptest.debug.xcconfig"; sourceTree = "<group>"; };
		8D2F66352023F40900EB20ED /* opgptestTests-Bridging-Header.h */ = {isa = PBXFileReference; lastKnownFileType = sourcecode.c.h; path = "opgptestTests-Bridging-Header.h"; sourceTree = "<group>"; };
		8D2F66362023F40900EB20ED /* opgptestTestsObjc.m */ = {isa = PBXFileReference; lastKnownFileType = sourcecode.c.objc; path = opgptestTestsObjc.m; sourceTree = "<group>"; };
		8D46AC792023A27100C33A0B /* opgptest.app */ = {isa = PBXFileReference; explicitFileType = wrapper.application; includeInIndex = 0; path = opgptest.app; sourceTree = BUILT_PRODUCTS_DIR; };
		8D46AC7C2023A27100C33A0B /* AppDelegate.swift */ = {isa = PBXFileReference; lastKnownFileType = sourcecode.swift; path = AppDelegate.swift; sourceTree = "<group>"; };
		8D46AC7E2023A27100C33A0B /* ViewController.swift */ = {isa = PBXFileReference; lastKnownFileType = sourcecode.swift; path = ViewController.swift; sourceTree = "<group>"; };
		8D46AC812023A27100C33A0B /* Base */ = {isa = PBXFileReference; lastKnownFileType = file.storyboard; name = Base; path = Base.lproj/Main.storyboard; sourceTree = "<group>"; };
		8D46AC832023A27100C33A0B /* Assets.xcassets */ = {isa = PBXFileReference; lastKnownFileType = folder.assetcatalog; path = Assets.xcassets; sourceTree = "<group>"; };
		8D46AC862023A27100C33A0B /* Base */ = {isa = PBXFileReference; lastKnownFileType = file.storyboard; name = Base; path = Base.lproj/LaunchScreen.storyboard; sourceTree = "<group>"; };
		8D46AC882023A27100C33A0B /* Info.plist */ = {isa = PBXFileReference; lastKnownFileType = text.plist.xml; path = Info.plist; sourceTree = "<group>"; };
		8D46AC8D2023A27100C33A0B /* opgptestTests.xctest */ = {isa = PBXFileReference; explicitFileType = wrapper.cfbundle; includeInIndex = 0; path = opgptestTests.xctest; sourceTree = BUILT_PRODUCTS_DIR; };
		8D46AC912023A27100C33A0B /* opgptestTests.swift */ = {isa = PBXFileReference; lastKnownFileType = sourcecode.swift; path = opgptestTests.swift; sourceTree = "<group>"; };
		8D46AC932023A27100C33A0B /* Info.plist */ = {isa = PBXFileReference; lastKnownFileType = text.plist.xml; path = Info.plist; sourceTree = "<group>"; };
		8DBA41B52023A50A00528A50 /* TestHelpers.swift */ = {isa = PBXFileReference; lastKnownFileType = sourcecode.swift; path = TestHelpers.swift; sourceTree = "<group>"; };
		8DBA41B72023A75D00528A50 /* LargeFile.pdf */ = {isa = PBXFileReference; lastKnownFileType = image.pdf; path = LargeFile.pdf; sourceTree = "<group>"; };
		A657D7256CF237A49279D85B /* Pods-opgptest.release.xcconfig */ = {isa = PBXFileReference; includeInIndex = 1; lastKnownFileType = text.xcconfig; name = "Pods-opgptest.release.xcconfig"; path = "Pods/Target Support Files/Pods-opgptest/Pods-opgptest.release.xcconfig"; sourceTree = "<group>"; };
		C712B8E9F2A64F46CB288BE1 /* Pods-opgptestTests.release.xcconfig */ = {isa = PBXFileReference; includeInIndex = 1; lastKnownFileType = text.xcconfig; name = "Pods-opgptestTests.release.xcconfig"; path = "Pods/Target Support Files/Pods-opgptestTests/Pods-opgptestTests.release.xcconfig"; sourceTree = "<group>"; };
		DC05245CC14F9CE733CC4EDD /* Pods_opgptest.framework */ = {isa = PBXFileReference; explicitFileType = wrapper.framework; includeInIndex = 0; path = Pods_opgptest.framework; sourceTree = BUILT_PRODUCTS_DIR; };
/* End PBXFileReference section */

/* Begin PBXFrameworksBuildPhase section */
		8D46AC762023A27100C33A0B /* Frameworks */ = {
			isa = PBXFrameworksBuildPhase;
			buildActionMask = 2147483647;
			files = (
				944755E76026684E7AC7006C /* Pods_opgptest.framework in Frameworks */,
			);
			runOnlyForDeploymentPostprocessing = 0;
		};
		8D46AC8A2023A27100C33A0B /* Frameworks */ = {
			isa = PBXFrameworksBuildPhase;
			buildActionMask = 2147483647;
			files = (
				D3D2B169396EA41EE078C83E /* Pods_opgptestTests.framework in Frameworks */,
			);
			runOnlyForDeploymentPostprocessing = 0;
		};
/* End PBXFrameworksBuildPhase section */

/* Begin PBXGroup section */
		46387D1EDB42574003D4C93C /* Pods */ = {
			isa = PBXGroup;
			children = (
				6C5B5A08EE121D8F55CB7C86 /* Pods-opgptest.debug.xcconfig */,
				A657D7256CF237A49279D85B /* Pods-opgptest.release.xcconfig */,
				6017863E873E9FB81D6B52C8 /* Pods-opgptestTests.debug.xcconfig */,
				C712B8E9F2A64F46CB288BE1 /* Pods-opgptestTests.release.xcconfig */,
			);
			name = Pods;
			sourceTree = "<group>";
		};
		857AE30F0CF7AE0CF5B67D75 /* Frameworks */ = {
			isa = PBXGroup;
			children = (
				DC05245CC14F9CE733CC4EDD /* Pods_opgptest.framework */,
				3C13DC694B4BC71ADFB50037 /* Pods_opgptestTests.framework */,
			);
			name = Frameworks;
			sourceTree = "<group>";
		};
		8D46AC702023A27100C33A0B = {
			isa = PBXGroup;
			children = (
				8D46AC7B2023A27100C33A0B /* opgptest */,
				8D46AC902023A27100C33A0B /* opgptestTests */,
				8D46AC7A2023A27100C33A0B /* Products */,
				46387D1EDB42574003D4C93C /* Pods */,
				857AE30F0CF7AE0CF5B67D75 /* Frameworks */,
			);
			sourceTree = "<group>";
		};
		8D46AC7A2023A27100C33A0B /* Products */ = {
			isa = PBXGroup;
			children = (
				8D46AC792023A27100C33A0B /* opgptest.app */,
				8D46AC8D2023A27100C33A0B /* opgptestTests.xctest */,
			);
			name = Products;
			sourceTree = "<group>";
		};
		8D46AC7B2023A27100C33A0B /* opgptest */ = {
			isa = PBXGroup;
			children = (
				8D46AC7C2023A27100C33A0B /* AppDelegate.swift */,
				8D46AC7E2023A27100C33A0B /* ViewController.swift */,
				8D46AC802023A27100C33A0B /* Main.storyboard */,
				8D46AC832023A27100C33A0B /* Assets.xcassets */,
				8D46AC852023A27100C33A0B /* LaunchScreen.storyboard */,
				8D46AC882023A27100C33A0B /* Info.plist */,
			);
			path = opgptest;
			sourceTree = "<group>";
		};
		8D46AC902023A27100C33A0B /* opgptestTests */ = {
			isa = PBXGroup;
			children = (
				8DBA41B72023A75D00528A50 /* LargeFile.pdf */,
				8D46AC912023A27100C33A0B /* opgptestTests.swift */,
				8D46AC932023A27100C33A0B /* Info.plist */,
				8DBA41B52023A50A00528A50 /* TestHelpers.swift */,
				8D2F66362023F40900EB20ED /* opgptestTestsObjc.m */,
				8D2F66352023F40900EB20ED /* opgptestTests-Bridging-Header.h */,
			);
			path = opgptestTests;
			sourceTree = "<group>";
		};
/* End PBXGroup section */

/* Begin PBXNativeTarget section */
		8D46AC782023A27100C33A0B /* opgptest */ = {
			isa = PBXNativeTarget;
			buildConfigurationList = 8D46AC962023A27100C33A0B /* Build configuration list for PBXNativeTarget "opgptest" */;
			buildPhases = (
				BD122855350C7F52C866E9FE /* [CP] Check Pods Manifest.lock */,
				8D46AC752023A27100C33A0B /* Sources */,
				8D46AC762023A27100C33A0B /* Frameworks */,
				8D46AC772023A27100C33A0B /* Resources */,
				9DB0A0B8147A52D6C951498C /* [CP] Embed Pods Frameworks */,
				4A15C1021BDED9C26C137D1A /* [CP] Copy Pods Resources */,
			);
			buildRules = (
			);
			dependencies = (
			);
			name = opgptest;
			productName = opgptest;
			productReference = 8D46AC792023A27100C33A0B /* opgptest.app */;
			productType = "com.apple.product-type.application";
		};
		8D46AC8C2023A27100C33A0B /* opgptestTests */ = {
			isa = PBXNativeTarget;
			buildConfigurationList = 8D46AC992023A27100C33A0B /* Build configuration list for PBXNativeTarget "opgptestTests" */;
			buildPhases = (
				E5B4B87B9DA3CCD015F06409 /* [CP] Check Pods Manifest.lock */,
				8D46AC892023A27100C33A0B /* Sources */,
				8D46AC8A2023A27100C33A0B /* Frameworks */,
				8D46AC8B2023A27100C33A0B /* Resources */,
				5155538CF4C8B739824F020C /* [CP] Embed Pods Frameworks */,
				FF2D7936D7C27AF120E60AB5 /* [CP] Copy Pods Resources */,
			);
			buildRules = (
			);
			dependencies = (
				8D46AC8F2023A27100C33A0B /* PBXTargetDependency */,
			);
			name = opgptestTests;
			productName = opgptestTests;
			productReference = 8D46AC8D2023A27100C33A0B /* opgptestTests.xctest */;
			productType = "com.apple.product-type.bundle.unit-test";
		};
/* End PBXNativeTarget section */

/* Begin PBXProject section */
		8D46AC712023A27100C33A0B /* Project object */ = {
			isa = PBXProject;
			attributes = {
				LastSwiftUpdateCheck = 0920;
				LastUpgradeCheck = 0920;
				ORGANIZATIONNAME = opgptest;
				TargetAttributes = {
					8D46AC782023A27100C33A0B = {
						CreatedOnToolsVersion = 9.2;
						ProvisioningStyle = Automatic;
					};
					8D46AC8C2023A27100C33A0B = {
						CreatedOnToolsVersion = 9.2;
						LastSwiftMigration = 0920;
						ProvisioningStyle = Automatic;
						TestTargetID = 8D46AC782023A27100C33A0B;
					};
				};
			};
			buildConfigurationList = 8D46AC742023A27100C33A0B /* Build configuration list for PBXProject "opgptest" */;
			compatibilityVersion = "Xcode 8.0";
			developmentRegion = en;
			hasScannedForEncodings = 0;
			knownRegions = (
				en,
				Base,
			);
			mainGroup = 8D46AC702023A27100C33A0B;
			productRefGroup = 8D46AC7A2023A27100C33A0B /* Products */;
			projectDirPath = "";
			projectRoot = "";
			targets = (
				8D46AC782023A27100C33A0B /* opgptest */,
				8D46AC8C2023A27100C33A0B /* opgptestTests */,
			);
		};
/* End PBXProject section */

/* Begin PBXResourcesBuildPhase section */
		8D46AC772023A27100C33A0B /* Resources */ = {
			isa = PBXResourcesBuildPhase;
			buildActionMask = 2147483647;
			files = (
				8D46AC872023A27100C33A0B /* LaunchScreen.storyboard in Resources */,
				8D46AC842023A27100C33A0B /* Assets.xcassets in Resources */,
				8D46AC822023A27100C33A0B /* Main.storyboard in Resources */,
			);
			runOnlyForDeploymentPostprocessing = 0;
		};
		8D46AC8B2023A27100C33A0B /* Resources */ = {
			isa = PBXResourcesBuildPhase;
			buildActionMask = 2147483647;
			files = (
				8DBA41B82023A75D00528A50 /* LargeFile.pdf in Resources */,
			);
			runOnlyForDeploymentPostprocessing = 0;
		};
/* End PBXResourcesBuildPhase section */

/* Begin PBXShellScriptBuildPhase section */
		4A15C1021BDED9C26C137D1A /* [CP] Copy Pods Resources */ = {
			isa = PBXShellScriptBuildPhase;
			buildActionMask = 2147483647;
			files = (
			);
			inputPaths = (
			);
			name = "[CP] Copy Pods Resources";
			outputPaths = (
			);
			runOnlyForDeploymentPostprocessing = 0;
			shellPath = /bin/sh;
			shellScript = "\"${SRCROOT}/Pods/Target Support Files/Pods-opgptest/Pods-opgptest-resources.sh\"\n";
			showEnvVarsInLog = 0;
		};
		5155538CF4C8B739824F020C /* [CP] Embed Pods Frameworks */ = {
			isa = PBXShellScriptBuildPhase;
			buildActionMask = 2147483647;
			files = (
			);
			inputPaths = (
			);
			name = "[CP] Embed Pods Frameworks";
			outputPaths = (
			);
			runOnlyForDeploymentPostprocessing = 0;
			shellPath = /bin/sh;
			shellScript = "\"${SRCROOT}/Pods/Target Support Files/Pods-opgptestTests/Pods-opgptestTests-frameworks.sh\"\n";
			showEnvVarsInLog = 0;
		};
		9DB0A0B8147A52D6C951498C /* [CP] Embed Pods Frameworks */ = {
			isa = PBXShellScriptBuildPhase;
			buildActionMask = 2147483647;
			files = (
			);
			inputPaths = (
				"${SRCROOT}/Pods/Target Support Files/Pods-opgptest/Pods-opgptest-frameworks.sh",
				"${PODS_ROOT}/ObjectivePGP/Frameworks/ios/ObjectivePGP.framework",
				"${PODS_ROOT}/ObjectivePGP/Frameworks/ios/ObjectivePGP.framework.dSYM",
			);
			name = "[CP] Embed Pods Frameworks";
			outputPaths = (
				"${TARGET_BUILD_DIR}/${FRAMEWORKS_FOLDER_PATH}/ObjectivePGP.framework",
				"${DWARF_DSYM_FOLDER_PATH}/ObjectivePGP.framework.dSYM",
			);
			runOnlyForDeploymentPostprocessing = 0;
			shellPath = /bin/sh;
			shellScript = "\"${SRCROOT}/Pods/Target Support Files/Pods-opgptest/Pods-opgptest-frameworks.sh\"\n";
			showEnvVarsInLog = 0;
		};
		BD122855350C7F52C866E9FE /* [CP] Check Pods Manifest.lock */ = {
			isa = PBXShellScriptBuildPhase;
			buildActionMask = 2147483647;
			files = (
			);
			inputPaths = (
				"${PODS_PODFILE_DIR_PATH}/Podfile.lock",
				"${PODS_ROOT}/Manifest.lock",
			);
			name = "[CP] Check Pods Manifest.lock";
			outputPaths = (
				"$(DERIVED_FILE_DIR)/Pods-opgptest-checkManifestLockResult.txt",
			);
			runOnlyForDeploymentPostprocessing = 0;
			shellPath = /bin/sh;
			shellScript = "diff \"${PODS_PODFILE_DIR_PATH}/Podfile.lock\" \"${PODS_ROOT}/Manifest.lock\" > /dev/null\nif [ $? != 0 ] ; then\n    # print error to STDERR\n    echo \"error: The sandbox is not in sync with the Podfile.lock. Run 'pod install' or update your CocoaPods installation.\" >&2\n    exit 1\nfi\n# This output is used by Xcode 'outputs' to avoid re-running this script phase.\necho \"SUCCESS\" > \"${SCRIPT_OUTPUT_FILE_0}\"\n";
			showEnvVarsInLog = 0;
		};
		E5B4B87B9DA3CCD015F06409 /* [CP] Check Pods Manifest.lock */ = {
			isa = PBXShellScriptBuildPhase;
			buildActionMask = 2147483647;
			files = (
			);
			inputPaths = (
				"${PODS_PODFILE_DIR_PATH}/Podfile.lock",
				"${PODS_ROOT}/Manifest.lock",
			);
			name = "[CP] Check Pods Manifest.lock";
			outputPaths = (
				"$(DERIVED_FILE_DIR)/Pods-opgptestTests-checkManifestLockResult.txt",
			);
			runOnlyForDeploymentPostprocessing = 0;
			shellPath = /bin/sh;
			shellScript = "diff \"${PODS_PODFILE_DIR_PATH}/Podfile.lock\" \"${PODS_ROOT}/Manifest.lock\" > /dev/null\nif [ $? != 0 ] ; then\n    # print error to STDERR\n    echo \"error: The sandbox is not in sync with the Podfile.lock. Run 'pod install' or update your CocoaPods installation.\" >&2\n    exit 1\nfi\n# This output is used by Xcode 'outputs' to avoid re-running this script phase.\necho \"SUCCESS\" > \"${SCRIPT_OUTPUT_FILE_0}\"\n";
			showEnvVarsInLog = 0;
		};
		FF2D7936D7C27AF120E60AB5 /* [CP] Copy Pods Resources */ = {
			isa = PBXShellScriptBuildPhase;
			buildActionMask = 2147483647;
			files = (
			);
			inputPaths = (
			);
			name = "[CP] Copy Pods Resources";
			outputPaths = (
			);
			runOnlyForDeploymentPostprocessing = 0;
			shellPath = /bin/sh;
			shellScript = "\"${SRCROOT}/Pods/Target Support Files/Pods-opgptestTests/Pods-opgptestTests-resources.sh\"\n";
			showEnvVarsInLog = 0;
		};
/* End PBXShellScriptBuildPhase section */

/* Begin PBXSourcesBuildPhase section */
		8D46AC752023A27100C33A0B /* Sources */ = {
			isa = PBXSourcesBuildPhase;
			buildActionMask = 2147483647;
			files = (
				8D46AC7F2023A27100C33A0B /* ViewController.swift in Sources */,
				8D46AC7D2023A27100C33A0B /* AppDelegate.swift in Sources */,
			);
			runOnlyForDeploymentPostprocessing = 0;
		};
		8D46AC892023A27100C33A0B /* Sources */ = {
			isa = PBXSourcesBuildPhase;
			buildActionMask = 2147483647;
			files = (
				8D2F66372023F40900EB20ED /* opgptestTestsObjc.m in Sources */,
				8D46AC922023A27100C33A0B /* opgptestTests.swift in Sources */,
				8DBA41B62023A50A00528A50 /* TestHelpers.swift in Sources */,
			);
			runOnlyForDeploymentPostprocessing = 0;
		};
/* End PBXSourcesBuildPhase section */

/* Begin PBXTargetDependency section */
		8D46AC8F2023A27100C33A0B /* PBXTargetDependency */ = {
			isa = PBXTargetDependency;
			target = 8D46AC782023A27100C33A0B /* opgptest */;
			targetProxy = 8D46AC8E2023A27100C33A0B /* PBXContainerItemProxy */;
		};
/* End PBXTargetDependency section */

/* Begin PBXVariantGroup section */
		8D46AC802023A27100C33A0B /* Main.storyboard */ = {
			isa = PBXVariantGroup;
			children = (
				8D46AC812023A27100C33A0B /* Base */,
			);
			name = Main.storyboard;
			sourceTree = "<group>";
		};
		8D46AC852023A27100C33A0B /* LaunchScreen.storyboard */ = {
			isa = PBXVariantGroup;
			children = (
				8D46AC862023A27100C33A0B /* Base */,
			);
			name = LaunchScreen.storyboard;
			sourceTree = "<group>";
		};
/* End PBXVariantGroup section */

/* Begin XCBuildConfiguration section */
		8D46AC942023A27100C33A0B /* Debug */ = {
			isa = XCBuildConfiguration;
			buildSettings = {
				ALWAYS_SEARCH_USER_PATHS = NO;
				CLANG_ANALYZER_NONNULL = YES;
				CLANG_ANALYZER_NUMBER_OBJECT_CONVERSION = YES_AGGRESSIVE;
				CLANG_CXX_LANGUAGE_STANDARD = "gnu++14";
				CLANG_CXX_LIBRARY = "libc++";
				CLANG_ENABLE_MODULES = YES;
				CLANG_ENABLE_OBJC_ARC = YES;
				CLANG_WARN_BLOCK_CAPTURE_AUTORELEASING = YES;
				CLANG_WARN_BOOL_CONVERSION = YES;
				CLANG_WARN_COMMA = YES;
				CLANG_WARN_CONSTANT_CONVERSION = YES;
				CLANG_WARN_DIRECT_OBJC_ISA_USAGE = YES_ERROR;
				CLANG_WARN_DOCUMENTATION_COMMENTS = YES;
				CLANG_WARN_EMPTY_BODY = YES;
				CLANG_WARN_ENUM_CONVERSION = YES;
				CLANG_WARN_INFINITE_RECURSION = YES;
				CLANG_WARN_INT_CONVERSION = YES;
				CLANG_WARN_NON_LITERAL_NULL_CONVERSION = YES;
				CLANG_WARN_OBJC_LITERAL_CONVERSION = YES;
				CLANG_WARN_OBJC_ROOT_CLASS = YES_ERROR;
				CLANG_WARN_RANGE_LOOP_ANALYSIS = YES;
				CLANG_WARN_STRICT_PROTOTYPES = YES;
				CLANG_WARN_SUSPICIOUS_MOVE = YES;
				CLANG_WARN_UNGUARDED_AVAILABILITY = YES_AGGRESSIVE;
				CLANG_WARN_UNREACHABLE_CODE = YES;
				CLANG_WARN__DUPLICATE_METHOD_MATCH = YES;
				CODE_SIGN_IDENTITY = "iPhone Developer";
				COPY_PHASE_STRIP = NO;
				DEBUG_INFORMATION_FORMAT = dwarf;
				ENABLE_BITCODE = NO;
				ENABLE_STRICT_OBJC_MSGSEND = YES;
				ENABLE_TESTABILITY = YES;
				GCC_C_LANGUAGE_STANDARD = gnu11;
				GCC_DYNAMIC_NO_PIC = NO;
				GCC_NO_COMMON_BLOCKS = YES;
				GCC_OPTIMIZATION_LEVEL = 0;
				GCC_PREPROCESSOR_DEFINITIONS = (
					"DEBUG=1",
					"$(inherited)",
				);
				GCC_WARN_64_TO_32_BIT_CONVERSION = YES;
				GCC_WARN_ABOUT_RETURN_TYPE = YES_ERROR;
				GCC_WARN_UNDECLARED_SELECTOR = YES;
				GCC_WARN_UNINITIALIZED_AUTOS = YES_AGGRESSIVE;
				GCC_WARN_UNUSED_FUNCTION = YES;
				GCC_WARN_UNUSED_VARIABLE = YES;
				IPHONEOS_DEPLOYMENT_TARGET = 11.2;
				MTL_ENABLE_DEBUG_INFO = YES;
				ONLY_ACTIVE_ARCH = YES;
				SDKROOT = iphoneos;
				SWIFT_ACTIVE_COMPILATION_CONDITIONS = DEBUG;
				SWIFT_OPTIMIZATION_LEVEL = "-Onone";
			};
			name = Debug;
		};
		8D46AC952023A27100C33A0B /* Release */ = {
			isa = XCBuildConfiguration;
			buildSettings = {
				ALWAYS_SEARCH_USER_PATHS = NO;
				CLANG_ANALYZER_NONNULL = YES;
				CLANG_ANALYZER_NUMBER_OBJECT_CONVERSION = YES_AGGRESSIVE;
				CLANG_CXX_LANGUAGE_STANDARD = "gnu++14";
				CLANG_CXX_LIBRARY = "libc++";
				CLANG_ENABLE_MODULES = YES;
				CLANG_ENABLE_OBJC_ARC = YES;
				CLANG_WARN_BLOCK_CAPTURE_AUTORELEASING = YES;
				CLANG_WARN_BOOL_CONVERSION = YES;
				CLANG_WARN_COMMA = YES;
				CLANG_WARN_CONSTANT_CONVERSION = YES;
				CLANG_WARN_DIRECT_OBJC_ISA_USAGE = YES_ERROR;
				CLANG_WARN_DOCUMENTATION_COMMENTS = YES;
				CLANG_WARN_EMPTY_BODY = YES;
				CLANG_WARN_ENUM_CONVERSION = YES;
				CLANG_WARN_INFINITE_RECURSION = YES;
				CLANG_WARN_INT_CONVERSION = YES;
				CLANG_WARN_NON_LITERAL_NULL_CONVERSION = YES;
				CLANG_WARN_OBJC_LITERAL_CONVERSION = YES;
				CLANG_WARN_OBJC_ROOT_CLASS = YES_ERROR;
				CLANG_WARN_RANGE_LOOP_ANALYSIS = YES;
				CLANG_WARN_STRICT_PROTOTYPES = YES;
				CLANG_WARN_SUSPICIOUS_MOVE = YES;
				CLANG_WARN_UNGUARDED_AVAILABILITY = YES_AGGRESSIVE;
				CLANG_WARN_UNREACHABLE_CODE = YES;
				CLANG_WARN__DUPLICATE_METHOD_MATCH = YES;
				CODE_SIGN_IDENTITY = "iPhone Developer";
				COPY_PHASE_STRIP = NO;
				DEBUG_INFORMATION_FORMAT = "dwarf-with-dsym";
				ENABLE_BITCODE = NO;
				ENABLE_NS_ASSERTIONS = NO;
				ENABLE_STRICT_OBJC_MSGSEND = YES;
				GCC_C_LANGUAGE_STANDARD = gnu11;
				GCC_NO_COMMON_BLOCKS = YES;
				GCC_WARN_64_TO_32_BIT_CONVERSION = YES;
				GCC_WARN_ABOUT_RETURN_TYPE = YES_ERROR;
				GCC_WARN_UNDECLARED_SELECTOR = YES;
				GCC_WARN_UNINITIALIZED_AUTOS = YES_AGGRESSIVE;
				GCC_WARN_UNUSED_FUNCTION = YES;
				GCC_WARN_UNUSED_VARIABLE = YES;
				IPHONEOS_DEPLOYMENT_TARGET = 11.2;
				MTL_ENABLE_DEBUG_INFO = NO;
				SDKROOT = iphoneos;
				SWIFT_OPTIMIZATION_LEVEL = "-Owholemodule";
				VALIDATE_PRODUCT = YES;
			};
			name = Release;
		};
		8D46AC972023A27100C33A0B /* Debug */ = {
			isa = XCBuildConfiguration;
			baseConfigurationReference = 6C5B5A08EE121D8F55CB7C86 /* Pods-opgptest.debug.xcconfig */;
			buildSettings = {
				ASSETCATALOG_COMPILER_APPICON_NAME = AppIcon;
				CODE_SIGN_STYLE = Automatic;
				DEVELOPMENT_TEAM = CHNJ7UMJ5W;
				INFOPLIST_FILE = opgptest/Info.plist;
				LD_RUNPATH_SEARCH_PATHS = "$(inherited) @executable_path/Frameworks";
				PRODUCT_BUNDLE_IDENTIFIER = opgptest.opgptest;
				PRODUCT_NAME = "$(TARGET_NAME)";
				SWIFT_VERSION = 4.0;
				TARGETED_DEVICE_FAMILY = "1,2";
			};
			name = Debug;
		};
		8D46AC982023A27100C33A0B /* Release */ = {
			isa = XCBuildConfiguration;
			baseConfigurationReference = A657D7256CF237A49279D85B /* Pods-opgptest.release.xcconfig */;
			buildSettings = {
				ASSETCATALOG_COMPILER_APPICON_NAME = AppIcon;
				CODE_SIGN_STYLE = Automatic;
				DEVELOPMENT_TEAM = CHNJ7UMJ5W;
				INFOPLIST_FILE = opgptest/Info.plist;
				LD_RUNPATH_SEARCH_PATHS = "$(inherited) @executable_path/Frameworks";
				PRODUCT_BUNDLE_IDENTIFIER = opgptest.opgptest;
				PRODUCT_NAME = "$(TARGET_NAME)";
				SWIFT_VERSION = 4.0;
				TARGETED_DEVICE_FAMILY = "1,2";
			};
			name = Release;
		};
		8D46AC9A2023A27100C33A0B /* Debug */ = {
			isa = XCBuildConfiguration;
			baseConfigurationReference = 6017863E873E9FB81D6B52C8 /* Pods-opgptestTests.debug.xcconfig */;
			buildSettings = {
				ALWAYS_EMBED_SWIFT_STANDARD_LIBRARIES = YES;
				BUNDLE_LOADER = "$(TEST_HOST)";
				CLANG_ENABLE_MODULES = YES;
				CODE_SIGN_STYLE = Automatic;
				DEVELOPMENT_TEAM = CHNJ7UMJ5W;
				INFOPLIST_FILE = opgptestTests/Info.plist;
				LD_RUNPATH_SEARCH_PATHS = "$(inherited) @executable_path/Frameworks @loader_path/Frameworks";
				PRODUCT_BUNDLE_IDENTIFIER = opgptest.opgptestTests;
				PRODUCT_NAME = "$(TARGET_NAME)";
				SWIFT_OBJC_BRIDGING_HEADER = "opgptestTests/opgptestTests-Bridging-Header.h";
				SWIFT_OPTIMIZATION_LEVEL = "-Onone";
				SWIFT_VERSION = 4.0;
				TARGETED_DEVICE_FAMILY = "1,2";
				TEST_HOST = "$(BUILT_PRODUCTS_DIR)/opgptest.app/opgptest";
			};
			name = Debug;
		};
		8D46AC9B2023A27100C33A0B /* Release */ = {
			isa = XCBuildConfiguration;
			baseConfigurationReference = C712B8E9F2A64F46CB288BE1 /* Pods-opgptestTests.release.xcconfig */;
			buildSettings = {
				ALWAYS_EMBED_SWIFT_STANDARD_LIBRARIES = YES;
				BUNDLE_LOADER = "$(TEST_HOST)";
				CLANG_ENABLE_MODULES = YES;
				CODE_SIGN_STYLE = Automatic;
				DEVELOPMENT_TEAM = CHNJ7UMJ5W;
				INFOPLIST_FILE = opgptestTests/Info.plist;
				LD_RUNPATH_SEARCH_PATHS = "$(inherited) @executable_path/Frameworks @loader_path/Frameworks";
				PRODUCT_BUNDLE_IDENTIFIER = opgptest.opgptestTests;
				PRODUCT_NAME = "$(TARGET_NAME)";
				SWIFT_OBJC_BRIDGING_HEADER = "opgptestTests/opgptestTests-Bridging-Header.h";
				SWIFT_VERSION = 4.0;
				TARGETED_DEVICE_FAMILY = "1,2";
				TEST_HOST = "$(BUILT_PRODUCTS_DIR)/opgptest.app/opgptest";
			};
			name = Release;
		};
/* End XCBuildConfiguration section */

/* Begin XCConfigurationList section */
		8D46AC742023A27100C33A0B /* Build configuration list for PBXProject "opgptest" */ = {
			isa = XCConfigurationList;
			buildConfigurations = (
				8D46AC942023A27100C33A0B /* Debug */,
				8D46AC952023A27100C33A0B /* Release */,
			);
			defaultConfigurationIsVisible = 0;
			defaultConfigurationName = Release;
		};
		8D46AC962023A27100C33A0B /* Build configuration list for PBXNativeTarget "opgptest" */ = {
			isa = XCConfigurationList;
			buildConfigurations = (
				8D46AC972023A27100C33A0B /* Debug */,
				8D46AC982023A27100C33A0B /* Release */,
			);
			defaultConfigurationIsVisible = 0;
			defaultConfigurationName = Release;
		};
		8D46AC992023A27100C33A0B /* Build configuration list for PBXNativeTarget "opgptestTests" */ = {
			isa = XCConfigurationList;
			buildConfigurations = (
				8D46AC9A2023A27100C33A0B /* Debug */,
				8D46AC9B2023A27100C33A0B /* Release */,
			);
			defaultConfigurationIsVisible = 0;
			defaultConfigurationName = Release;
		};
/* End XCConfigurationList section */
	};
	rootObject = 8D46AC712023A27100C33A0B /* Project object */;
}
